
Microsoft Visual Studio Solution File, Format Version 12.00
# Visual Studio Version 17
VisualStudioVersion = 17.6.33815.320
MinimumVisualStudioVersion = 10.0.40219.1
Project("{FAE04EC0-301F-11D3-BF4B-00C04F79EFBC}") = "RazorPizzeria", "RazorPizzeria\RazorPizzeria.csproj", "{5506F6B3-85B0-4A52-AEA3-DC14EE8A59FB}"
EndProject
Global
	GlobalSection(SolutionConfigurationPlatforms) = preSolution
		Debug|Any CPU = Debug|Any CPU
		Release|Any CPU = Release|Any CPU
	EndGlobalSection
	GlobalSection(ProjectConfigurationPlatforms) = postSolution
		{5506F6B3-85B0-4A52-AEA3-DC14EE8A59FB}.Debug|Any CPU.ActiveCfg = Debug|Any CPU
		{5506F6B3-85B0-4A52-AEA3-DC14EE8A59FB}.Debug|Any CPU.Build.0 = Debug|Any CPU
		{5506F6B3-85B0-4A52-AEA3-DC14EE8A59FB}.Release|Any CPU.ActiveCfg = Release|Any CPU
		{5506F6B3-85B0-4A52-AEA3-DC14EE8A59FB}.Release|Any CPU.Build.0 = Release|Any CPU
	EndGlobalSection
	GlobalSection(SolutionProperties) = preSolution
		HideSolutionNode = FALSE
	EndGlobalSection
	GlobalSection(ExtensibilityGlobals) = postSolution
		SolutionGuid = {AE98B97C-4646-4904-9C93-5A5F4BE865C6}
	EndGlobalSection
EndGlobal
